
Microsoft Visual Studio Solution File, Format Version 12.00
# Visual Studio Version 16
VisualStudioVersion = 16.0.31911.196
MinimumVisualStudioVersion = 10.0.40219.1
Project("{FAE04EC0-301F-11D3-BF4B-00C04F79EFBC}") = "1. Match Full Name", "Regular Expression - Lab\1. Match Full Name.csproj", "{B970A2A3-9403-4BEC-B9F6-68CADC073095}"
EndProject
Project("{FAE04EC0-301F-11D3-BF4B-00C04F79EFBC}") = "2. Match Phone Number", "2. Match Phone Number\2. Match Phone Number.csproj", "{68117DB4-AA44-45D3-9F3E-BD4B9CCF6FFB}"
EndProject
Global
	GlobalSection(SolutionConfigurationPlatforms) = preSolution
		Debug|Any CPU = Debug|Any CPU
		Release|Any CPU = Release|Any CPU
	EndGlobalSection
	GlobalSection(ProjectConfigurationPlatforms) = postSolution
		{B970A2A3-9403-4BEC-B9F6-68CADC073095}.Debug|Any CPU.ActiveCfg = Debug|Any CPU
		{B970A2A3-9403-4BEC-B9F6-68CADC073095}.Debug|Any CPU.Build.0 = Debug|Any CPU
		{B970A2A3-9403-4BEC-B9F6-68CADC073095}.Release|Any CPU.ActiveCfg = Release|Any CPU
		{B970A2A3-9403-4BEC-B9F6-68CADC073095}.Release|Any CPU.Build.0 = Release|Any CPU
		{68117DB4-AA44-45D3-9F3E-BD4B9CCF6FFB}.Debug|Any CPU.ActiveCfg = Debug|Any CPU
		{68117DB4-AA44-45D3-9F3E-BD4B9CCF6FFB}.Debug|Any CPU.Build.0 = Debug|Any CPU
		{68117DB4-AA44-45D3-9F3E-BD4B9CCF6FFB}.Release|Any CPU.ActiveCfg = Release|Any CPU
		{68117DB4-AA44-45D3-9F3E-BD4B9CCF6FFB}.Release|Any CPU.Build.0 = Release|Any CPU
	EndGlobalSection
	GlobalSection(SolutionProperties) = preSolution
		HideSolutionNode = FALSE
	EndGlobalSection
	GlobalSection(ExtensibilityGlobals) = postSolution
		SolutionGuid = {F8DBF52B-EA80-4EE7-99F7-C8B79FEBC1FF}
	EndGlobalSection
EndGlobal
